
Microsoft Visual Studio Solution File, Format Version 12.00
# Visual Studio 2013
VisualStudioVersion = 12.0.31101.0
MinimumVisualStudioVersion = 10.0.40219.1
Project("{FAE04EC0-301F-11D3-BF4B-00C04F79EFBC}") = "RecruitmentSystemAPI", "RecruitmentSystemAPI\RecruitmentSystemAPI.csproj", "{70229EDB-7B71-4E09-9C02-21CE0361796D}"
EndProject
Project("{FAE04EC0-301F-11D3-BF4B-00C04F79EFBC}") = "RecruitmentSystemBusiness", "RecruitmentSystemBusiness\RecruitmentSystemBusiness.csproj", "{974CFBED-D05E-4E29-A6E7-58E7693C009E}"
EndProject
Project("{FAE04EC0-301F-11D3-BF4B-00C04F79EFBC}") = "UnitTestCases", "UnitTestCases\UnitTestCases.csproj", "{C26FE887-9B52-4BC7-9BB8-5942B11AFDC4}"
EndProject
Project("{FAE04EC0-301F-11D3-BF4B-00C04F79EFBC}") = "RecruitmentSystemPresentation", "RecruitmentSystemPresentation\RecruitmentSystemPresentation.csproj", "{96743A47-FF82-4F0E-8D3B-BF2E4E1CCBA7}"
EndProject
Global
	GlobalSection(SolutionConfigurationPlatforms) = preSolution
		Debug|Any CPU = Debug|Any CPU
		Release|Any CPU = Release|Any CPU
	EndGlobalSection
	GlobalSection(ProjectConfigurationPlatforms) = postSolution
		{70229EDB-7B71-4E09-9C02-21CE0361796D}.Debug|Any CPU.ActiveCfg = Debug|Any CPU
		{70229EDB-7B71-4E09-9C02-21CE0361796D}.Debug|Any CPU.Build.0 = Debug|Any CPU
		{70229EDB-7B71-4E09-9C02-21CE0361796D}.Release|Any CPU.ActiveCfg = Release|Any CPU
		{70229EDB-7B71-4E09-9C02-21CE0361796D}.Release|Any CPU.Build.0 = Release|Any CPU
		{974CFBED-D05E-4E29-A6E7-58E7693C009E}.Debug|Any CPU.ActiveCfg = Debug|Any CPU
		{974CFBED-D05E-4E29-A6E7-58E7693C009E}.Debug|Any CPU.Build.0 = Debug|Any CPU
		{974CFBED-D05E-4E29-A6E7-58E7693C009E}.Release|Any CPU.ActiveCfg = Release|Any CPU
		{974CFBED-D05E-4E29-A6E7-58E7693C009E}.Release|Any CPU.Build.0 = Release|Any CPU
		{C26FE887-9B52-4BC7-9BB8-5942B11AFDC4}.Debug|Any CPU.ActiveCfg = Debug|Any CPU
		{C26FE887-9B52-4BC7-9BB8-5942B11AFDC4}.Debug|Any CPU.Build.0 = Debug|Any CPU
		{C26FE887-9B52-4BC7-9BB8-5942B11AFDC4}.Release|Any CPU.ActiveCfg = Release|Any CPU
		{C26FE887-9B52-4BC7-9BB8-5942B11AFDC4}.Release|Any CPU.Build.0 = Release|Any CPU
		{96743A47-FF82-4F0E-8D3B-BF2E4E1CCBA7}.Debug|Any CPU.ActiveCfg = Debug|Any CPU
		{96743A47-FF82-4F0E-8D3B-BF2E4E1CCBA7}.Debug|Any CPU.Build.0 = Debug|Any CPU
		{96743A47-FF82-4F0E-8D3B-BF2E4E1CCBA7}.Release|Any CPU.ActiveCfg = Release|Any CPU
		{96743A47-FF82-4F0E-8D3B-BF2E4E1CCBA7}.Release|Any CPU.Build.0 = Release|Any CPU
	EndGlobalSection
	GlobalSection(SolutionProperties) = preSolution
		HideSolutionNode = FALSE
	EndGlobalSection
EndGlobal
